
Microsoft Visual Studio Solution File, Format Version 12.00
# Visual Studio Version 17
VisualStudioVersion = 17.14.36623.8
MinimumVisualStudioVersion = 10.0.40219.1
Project("{2150E333-8FDC-42A3-9474-1A3956D46DE8}") = "01", "01", "{02EA681E-C7D8-13C7-8484-4AC65E1B71E8}"
EndProject
Project("{FAE04EC0-301F-11D3-BF4B-00C04F79EFBC}") = "IsNumberOddorNot", "IsNumberOddorNot\IsNumberOddorNot.csproj", "{91498B4A-8266-4688-B1EC-C390826AC82A}"
EndProject
Project("{2150E333-8FDC-42A3-9474-1A3956D46DE8}") = "Shared", "Shared", "{949B5752-065E-49CD-B0B2-0098BC18CC86}"
EndProject
Project("{FAE04EC0-301F-11D3-BF4B-00C04F79EFBC}") = "Shared", "Shared\Shared.csproj", "{4D12F687-9381-4028-A40E-A1C0A00D2B31}"
EndProject
Project("{2150E333-8FDC-42A3-9474-1A3956D46DE8}") = "02", "02", "{B7253174-89E1-4418-86AA-1274B939DBBC}"
EndProject
Project("{FAE04EC0-301F-11D3-BF4B-00C04F79EFBC}") = "TheGreatestNumber", "TheGreatestNumber\TheGreatestNumber.csproj", "{98836A73-392E-494C-9C89-D92BA9D29260}"
EndProject
Project("{2150E333-8FDC-42A3-9474-1A3956D46DE8}") = "03", "03", "{D937E7A4-A4DF-4A0D-9D11-9DD075336D6A}"
EndProject
Project("{FAE04EC0-301F-11D3-BF4B-00C04F79EFBC}") = "TheMiddleNumber", "TheMiddleNumber\TheMiddleNumber.csproj", "{31D469FD-7B18-462C-89A1-7E5B9B1A4D93}"
EndProject
Project("{2150E333-8FDC-42A3-9474-1A3956D46DE8}") = "04", "04", "{C00193BF-768D-4815-834B-5F18B4BA3B72}"
EndProject
Project("{FAE04EC0-301F-11D3-BF4B-00C04F79EFBC}") = "IsMultipleOfAnother", "IsMultipleOfAnother\IsMultipleOfAnother.csproj", "{69B44CBD-A3E8-46D0-A14D-1BA2BE6CDB5A}"
EndProject
Global
	GlobalSection(SolutionConfigurationPlatforms) = preSolution
		Debug|Any CPU = Debug|Any CPU
		Release|Any CPU = Release|Any CPU
	EndGlobalSection
	GlobalSection(ProjectConfigurationPlatforms) = postSolution
		{91498B4A-8266-4688-B1EC-C390826AC82A}.Debug|Any CPU.ActiveCfg = Debug|Any CPU
		{91498B4A-8266-4688-B1EC-C390826AC82A}.Debug|Any CPU.Build.0 = Debug|Any CPU
		{91498B4A-8266-4688-B1EC-C390826AC82A}.Release|Any CPU.ActiveCfg = Release|Any CPU
		{91498B4A-8266-4688-B1EC-C390826AC82A}.Release|Any CPU.Build.0 = Release|Any CPU
		{4D12F687-9381-4028-A40E-A1C0A00D2B31}.Debug|Any CPU.ActiveCfg = Debug|Any CPU
		{4D12F687-9381-4028-A40E-A1C0A00D2B31}.Debug|Any CPU.Build.0 = Debug|Any CPU
		{4D12F687-9381-4028-A40E-A1C0A00D2B31}.Release|Any CPU.ActiveCfg = Release|Any CPU
		{4D12F687-9381-4028-A40E-A1C0A00D2B31}.Release|Any CPU.Build.0 = Release|Any CPU
		{98836A73-392E-494C-9C89-D92BA9D29260}.Debug|Any CPU.ActiveCfg = Debug|Any CPU
		{98836A73-392E-494C-9C89-D92BA9D29260}.Debug|Any CPU.Build.0 = Debug|Any CPU
		{98836A73-392E-494C-9C89-D92BA9D29260}.Release|Any CPU.ActiveCfg = Release|Any CPU
		{98836A73-392E-494C-9C89-D92BA9D29260}.Release|Any CPU.Build.0 = Release|Any CPU
		{31D469FD-7B18-462C-89A1-7E5B9B1A4D93}.Debug|Any CPU.ActiveCfg = Debug|Any CPU
		{31D469FD-7B18-462C-89A1-7E5B9B1A4D93}.Debug|Any CPU.Build.0 = Debug|Any CPU
		{31D469FD-7B18-462C-89A1-7E5B9B1A4D93}.Release|Any CPU.ActiveCfg = Release|Any CPU
		{31D469FD-7B18-462C-89A1-7E5B9B1A4D93}.Release|Any CPU.Build.0 = Release|Any CPU
		{69B44CBD-A3E8-46D0-A14D-1BA2BE6CDB5A}.Debug|Any CPU.ActiveCfg = Debug|Any CPU
		{69B44CBD-A3E8-46D0-A14D-1BA2BE6CDB5A}.Debug|Any CPU.Build.0 = Debug|Any CPU
		{69B44CBD-A3E8-46D0-A14D-1BA2BE6CDB5A}.Release|Any CPU.ActiveCfg = Release|Any CPU
		{69B44CBD-A3E8-46D0-A14D-1BA2BE6CDB5A}.Release|Any CPU.Build.0 = Release|Any CPU
	EndGlobalSection
	GlobalSection(SolutionProperties) = preSolution
		HideSolutionNode = FALSE
	EndGlobalSection
	GlobalSection(NestedProjects) = preSolution
		{91498B4A-8266-4688-B1EC-C390826AC82A} = {02EA681E-C7D8-13C7-8484-4AC65E1B71E8}
		{4D12F687-9381-4028-A40E-A1C0A00D2B31} = {949B5752-065E-49CD-B0B2-0098BC18CC86}
		{98836A73-392E-494C-9C89-D92BA9D29260} = {B7253174-89E1-4418-86AA-1274B939DBBC}
		{31D469FD-7B18-462C-89A1-7E5B9B1A4D93} = {D937E7A4-A4DF-4A0D-9D11-9DD075336D6A}
		{69B44CBD-A3E8-46D0-A14D-1BA2BE6CDB5A} = {C00193BF-768D-4815-834B-5F18B4BA3B72}
	EndGlobalSection
	GlobalSection(ExtensibilityGlobals) = postSolution
		SolutionGuid = {E179265E-4300-4A02-9C71-AEA0C3CB9DC9}
	EndGlobalSection
EndGlobal
